# THIS IS AN AUTOGENERATED FILE. DO NOT EDIT THIS FILE DIRECTLY.
# yarn lockfile v1


"@babel/helper-annotate-as-pure@^7.18.6":
  version "7.18.6"
  resolved "https://registry.yarnpkg.com/@babel/helper-annotate-as-pure/-/helper-annotate-as-pure-7.18.6.tgz#eaa49f6f80d5a33f9a5dd2276e6d6e451be0a6bb"
  integrity sha512-duORpUiYrEpzKIop6iNbjnwKLAKnJ47csTyRACyEmWj0QdUrm5aqNJGHSSEQSUAvNW0ojX0dOmK9dZduvkfeXA==
  dependencies:
    "@babel/types" "^7.18.6"

"@babel/helper-module-imports@^7.18.6":
  version "7.18.6"
  resolved "https://registry.yarnpkg.com/@babel/helper-module-imports/-/helper-module-imports-7.18.6.tgz#1e3ebdbbd08aad1437b428c50204db13c5a3ca6e"
  integrity sha512-0NFvs3VkuSYbFi1x2Vd6tKrywq+z/cLeYC/RJNFrIX/30Bf5aiGYbtvGXolEktzJH8o5E5KJ3tT+nkxuuZFVlA==
  dependencies:
    "@babel/types" "^7.18.6"

"@babel/helper-plugin-utils@^7.18.6", "@babel/helper-plugin-utils@^7.19.0":
  version "7.20.2"
  resolved "https://registry.yarnpkg.com/@babel/helper-plugin-utils/-/helper-plugin-utils-7.20.2.tgz#d1b9000752b18d0877cff85a5c376ce5c3121629"
  integrity sha512-8RvlJG2mj4huQ4pZ+rU9lqKi9ZKiRmuvGuM2HlWmkmgOhbs6zEAw6IEiJ5cQqGbDzGZOhwuOQNtZMi/ENLjZoQ==

"@babel/helper-string-parser@^7.19.4":
  version "7.19.4"
  resolved "https://registry.yarnpkg.com/@babel/helper-string-parser/-/helper-string-parser-7.19.4.tgz#38d3acb654b4701a9b77fb0615a96f775c3a9e63"
  integrity sha512-nHtDoQcuqFmwYNYPz3Rah5ph2p8PFeFCsZk9A/48dPc/rGocJ5J3hAAZ7pb76VWX3fZKu+uEr/FhH5jLx7umrw==

"@babel/helper-validator-identifier@^7.19.1":
  version "7.19.1"
  resolved "https://registry.yarnpkg.com/@babel/helper-validator-identifier/-/helper-validator-identifier-7.19.1.tgz#7eea834cf32901ffdc1a7ee555e2f9c27e249ca2"
  integrity sha512-awrNfaMtnHUr653GgGEs++LlAvW6w+DcPrOliSMXWCKo597CwL5Acf/wWdNkf/tfEQE3mjkeD1YOVZOUV/od1w==

"@babel/helper-validator-option@^7.18.6":
  version "7.18.6"
  resolved "https://registry.yarnpkg.com/@babel/helper-validator-option/-/helper-validator-option-7.18.6.tgz#bf0d2b5a509b1f336099e4ff36e1a63aa5db4db8"
  integrity sha512-XO7gESt5ouv/LRJdrVjkShckw6STTaB7l9BrpBaAHDeF5YZT+01PCwmR0SJHnkW6i8OwW/EVWRShfi4j2x+KQw==

"@babel/plugin-syntax-jsx@^7.18.6":
  version "7.18.6"
  resolved "https://registry.yarnpkg.com/@babel/plugin-syntax-jsx/-/plugin-syntax-jsx-7.18.6.tgz#a8feef63b010150abd97f1649ec296e849943ca0"
  integrity sha512-6mmljtAedFGTWu2p/8WIORGwy+61PLgOMPOdazc7YoJ9ZCWUyFy3A6CpPkRKLKD1ToAesxX8KGEViAiLo9N+7Q==
  dependencies:
    "@babel/helper-plugin-utils" "^7.18.6"

"@babel/plugin-transform-react-display-name@^7.18.6":
  version "7.18.6"
  resolved "https://registry.yarnpkg.com/@babel/plugin-transform-react-display-name/-/plugin-transform-react-display-name-7.18.6.tgz#8b1125f919ef36ebdfff061d664e266c666b9415"
  integrity sha512-TV4sQ+T013n61uMoygyMRm+xf04Bd5oqFpv2jAEQwSZ8NwQA7zeRPg1LMVg2PWi3zWBz+CLKD+v5bcpZ/BS0aA==
  dependencies:
    "@babel/helper-plugin-utils" "^7.18.6"

"@babel/plugin-transform-react-jsx-development@^7.18.6":
  version "7.18.6"
  resolved "https://registry.yarnpkg.com/@babel/plugin-transform-react-jsx-development/-/plugin-transform-react-jsx-development-7.18.6.tgz#dbe5c972811e49c7405b630e4d0d2e1380c0ddc5"
  integrity sha512-SA6HEjwYFKF7WDjWcMcMGUimmw/nhNRDWxr+KaLSCrkD/LMDBvWRmHAYgE1HDeF8KUuI8OAu+RT6EOtKxSW2qA==
  dependencies:
    "@babel/plugin-transform-react-jsx" "^7.18.6"

"@babel/plugin-transform-react-jsx@^7.18.6":
  version "7.19.0"
  resolved "https://registry.yarnpkg.com/@babel/plugin-transform-react-jsx/-/plugin-transform-react-jsx-7.19.0.tgz#b3cbb7c3a00b92ec8ae1027910e331ba5c500eb9"
  integrity sha512-UVEvX3tXie3Szm3emi1+G63jyw1w5IcMY0FSKM+CRnKRI5Mr1YbCNgsSTwoTwKphQEG9P+QqmuRFneJPZuHNhg==
  dependencies:
    "@babel/helper-annotate-as-pure" "^7.18.6"
    "@babel/helper-module-imports" "^7.18.6"
    "@babel/helper-plugin-utils" "^7.19.0"
    "@babel/plugin-syntax-jsx" "^7.18.6"
    "@babel/types" "^7.19.0"

"@babel/plugin-transform-react-pure-annotations@^7.18.6":
  version "7.18.6"
  resolved "https://registry.yarnpkg.com/@babel/plugin-transform-react-pure-annotations/-/plugin-transform-react-pure-annotations-7.18.6.tgz#561af267f19f3e5d59291f9950fd7b9663d0d844"
  integrity sha512-I8VfEPg9r2TRDdvnHgPepTKvuRomzA8+u+nhY7qSI1fR2hRNebasZEETLyM5mAUr0Ku56OkXJ0I7NHJnO6cJiQ==
  dependencies:
    "@babel/helper-annotate-as-pure" "^7.18.6"
    "@babel/helper-plugin-utils" "^7.18.6"

"@babel/preset-react@7.18.6":
  version "7.18.6"
  resolved "https://registry.yarnpkg.com/@babel/preset-react/-/preset-react-7.18.6.tgz#979f76d6277048dc19094c217b507f3ad517dd2d"
  integrity sha512-zXr6atUmyYdiWRVLOZahakYmOBHtWc2WGCkP8PYTgZi0iJXDY2CN180TdrIW4OGOAdLc7TifzDIvtx6izaRIzg==
  dependencies:
    "@babel/helper-plugin-utils" "^7.18.6"
    "@babel/helper-validator-option" "^7.18.6"
    "@babel/plugin-transform-react-display-name" "^7.18.6"
    "@babel/plugin-transform-react-jsx" "^7.18.6"
    "@babel/plugin-transform-react-jsx-development" "^7.18.6"
    "@babel/plugin-transform-react-pure-annotations" "^7.18.6"

"@babel/types@^7.18.6", "@babel/types@^7.19.0":
  version "7.20.5"
  resolved "https://registry.yarnpkg.com/@babel/types/-/types-7.20.5.tgz#e206ae370b5393d94dfd1d04cd687cace53efa84"
  integrity sha512-c9fst/h2/dcF7H+MJKZ2T0KjEQ8hY/BNnDk/H3XY8C4Aw/eWQXWn/lWntHF9ooUBnGmEvbfGrTgLWc+um0YDUg==
  dependencies:
    "@babel/helper-string-parser" "^7.19.4"
    "@babel/helper-validator-identifier" "^7.19.1"
    to-fast-properties "^2.0.0"

to-fast-properties@^2.0.0:
  version "2.0.0"
  resolved "https://registry.yarnpkg.com/to-fast-properties/-/to-fast-properties-2.0.0.tgz#dc5e698cbd079265bc73e0377681a4e4e83f616e"
  integrity sha512-/OaKK0xYrs3DmxRYqL/yDc+FxFUVYhDlXMhRmv3z915w2HF1tnN1omB354j8VUGO/hbRzyD6Y3sA7v7GS/ceog==
