{
	"name": "@morfeo/jss",
	"version": "0.4.2",
	"lockfileVersion": 2,
	"requires": true,
	"packages": {
		"": {
			"name": "@morfeo/jss",
			"version": "0.4.2",
			"license": "MIT",
			"dependencies": {
				"jss": "^10.6.0",
				"jss-preset-default": "^10.6.0"
			},
			"peerDependencies": {
				"@morfeo/core": "^0.4.2"
			}
		},
		"node_modules/@babel/runtime": {
			"version": "7.16.7",
			"resolved": "https://registry.npmjs.org/@babel/runtime/-/runtime-7.16.7.tgz",
			"integrity": "sha512-9E9FJowqAsytyOY6LG+1KuueckRL+aQW+mKvXRXnuFGyRAyepJPmEo9vgMfXUA6O9u3IeEdv9MAkppFcaQwogQ==",
			"dependencies": {
				"regenerator-runtime": "^0.13.4"
			},
			"engines": {
				"node": ">=6.9.0"
			}
		},
		"node_modules/@morfeo/core": {
			"version": "0.4.2",
			"resolved": "https://registry.npmjs.org/@morfeo/core/-/core-0.4.2.tgz",
			"integrity": "sha512-JllWhLZ3pEFZFbGpBg8BPKEdpQMmAaHMWTqCcquIp8v5sDndVqLbfUTjijsnhORh3PKSkDuH8FzoFYMcjfeCig==",
			"peer": true,
			"dependencies": {
				"@morfeo/spec": "^0.4.2"
			},
			"peerDependencies": {
				"tslib": "^2.2.0"
			}
		},
		"node_modules/@morfeo/spec": {
			"version": "0.4.2",
			"resolved": "https://registry.npmjs.org/@morfeo/spec/-/spec-0.4.2.tgz",
			"integrity": "sha512-L3GET/LcEJ4OjUYs8uKHoETJuUQzVPZDbepmtk8JJpRUZC/FXheXfgqFkD+rOVFCfVbckeEPd09J0Z84ZVSJ3g==",
			"peer": true
		},
		"node_modules/css-vendor": {
			"version": "2.0.8",
			"resolved": "https://registry.npmjs.org/css-vendor/-/css-vendor-2.0.8.tgz",
			"integrity": "sha512-x9Aq0XTInxrkuFeHKbYC7zWY8ai7qJ04Kxd9MnvbC1uO5DagxoHQjm4JvG+vCdXOoFtCjbL2XSZfxmoYa9uQVQ==",
			"dependencies": {
				"@babel/runtime": "^7.8.3",
				"is-in-browser": "^1.0.2"
			}
		},
		"node_modules/csstype": {
			"version": "3.0.10",
			"resolved": "https://registry.npmjs.org/csstype/-/csstype-3.0.10.tgz",
			"integrity": "sha512-2u44ZG2OcNUO9HDp/Jl8C07x6pU/eTR3ncV91SiK3dhG9TWvRVsCoJw14Ckx5DgWkzGA3waZWO3d7pgqpUI/XA=="
		},
		"node_modules/hyphenate-style-name": {
			"version": "1.0.4",
			"resolved": "https://registry.npmjs.org/hyphenate-style-name/-/hyphenate-style-name-1.0.4.tgz",
			"integrity": "sha512-ygGZLjmXfPHj+ZWh6LwbC37l43MhfztxetbFCoYTM2VjkIUpeHgSNn7QIyVFj7YQ1Wl9Cbw5sholVJPzWvC2MQ=="
		},
		"node_modules/is-in-browser": {
			"version": "1.1.3",
			"resolved": "https://registry.npmjs.org/is-in-browser/-/is-in-browser-1.1.3.tgz",
			"integrity": "sha1-Vv9NtoOgeMYILrldrX3GLh0E+DU="
		},
		"node_modules/jss": {
			"version": "10.9.0",
			"resolved": "https://registry.npmjs.org/jss/-/jss-10.9.0.tgz",
			"integrity": "sha512-YpzpreB6kUunQBbrlArlsMpXYyndt9JATbt95tajx0t4MTJJcCJdd4hdNpHmOIDiUJrF/oX5wtVFrS3uofWfGw==",
			"dependencies": {
				"@babel/runtime": "^7.3.1",
				"csstype": "^3.0.2",
				"is-in-browser": "^1.1.3",
				"tiny-warning": "^1.0.2"
			},
			"funding": {
				"type": "opencollective",
				"url": "https://opencollective.com/jss"
			}
		},
		"node_modules/jss-plugin-camel-case": {
			"version": "10.9.0",
			"resolved": "https://registry.npmjs.org/jss-plugin-camel-case/-/jss-plugin-camel-case-10.9.0.tgz",
			"integrity": "sha512-UH6uPpnDk413/r/2Olmw4+y54yEF2lRIV8XIZyuYpgPYTITLlPOsq6XB9qeqv+75SQSg3KLocq5jUBXW8qWWww==",
			"dependencies": {
				"@babel/runtime": "^7.3.1",
				"hyphenate-style-name": "^1.0.3",
				"jss": "10.9.0"
			}
		},
		"node_modules/jss-plugin-compose": {
			"version": "10.9.0",
			"resolved": "https://registry.npmjs.org/jss-plugin-compose/-/jss-plugin-compose-10.9.0.tgz",
			"integrity": "sha512-Q/0FEZhDwGUpf3/b7+PspmMi6MVSlN3YlTDmvrft7I6N346jUpd8MYkYP/6qM1ZMuVj4v8ky/XYqr1v2ganLLg==",
			"dependencies": {
				"@babel/runtime": "^7.3.1",
				"jss": "10.9.0",
				"tiny-warning": "^1.0.2"
			}
		},
		"node_modules/jss-plugin-default-unit": {
			"version": "10.9.0",
			"resolved": "https://registry.npmjs.org/jss-plugin-default-unit/-/jss-plugin-default-unit-10.9.0.tgz",
			"integrity": "sha512-7Ju4Q9wJ/MZPsxfu4T84mzdn7pLHWeqoGd/D8O3eDNNJ93Xc8PxnLmV8s8ZPNRYkLdxZqKtm1nPQ0BM4JRlq2w==",
			"dependencies": {
				"@babel/runtime": "^7.3.1",
				"jss": "10.9.0"
			}
		},
		"node_modules/jss-plugin-expand": {
			"version": "10.9.0",
			"resolved": "https://registry.npmjs.org/jss-plugin-expand/-/jss-plugin-expand-10.9.0.tgz",
			"integrity": "sha512-QfZ9jld0HpF1OiYU7cGWQ4q+f6+Wu93mV4X+cA1iVRssiUbSbygwdfZkUwX23UOhS1WWRJeQlLK1aJC94K8/0A==",
			"dependencies": {
				"@babel/runtime": "^7.3.1",
				"jss": "10.9.0"
			}
		},
		"node_modules/jss-plugin-extend": {
			"version": "10.9.0",
			"resolved": "https://registry.npmjs.org/jss-plugin-extend/-/jss-plugin-extend-10.9.0.tgz",
			"integrity": "sha512-xvmosUh3RsKVsm9L14ml6PL3i0Ejj5gB6eo/jTMkGW1kIy42gNXV1EthR8cD5xiowWstnvugQ3JF0pI5+QkPMg==",
			"dependencies": {
				"@babel/runtime": "^7.3.1",
				"jss": "10.9.0",
				"tiny-warning": "^1.0.2"
			}
		},
		"node_modules/jss-plugin-global": {
			"version": "10.9.0",
			"resolved": "https://registry.npmjs.org/jss-plugin-global/-/jss-plugin-global-10.9.0.tgz",
			"integrity": "sha512-4G8PHNJ0x6nwAFsEzcuVDiBlyMsj2y3VjmFAx/uHk/R/gzJV+yRHICjT4MKGGu1cJq2hfowFWCyrr/Gg37FbgQ==",
			"dependencies": {
				"@babel/runtime": "^7.3.1",
				"jss": "10.9.0"
			}
		},
		"node_modules/jss-plugin-nested": {
			"version": "10.9.0",
			"resolved": "https://registry.npmjs.org/jss-plugin-nested/-/jss-plugin-nested-10.9.0.tgz",
			"integrity": "sha512-2UJnDrfCZpMYcpPYR16oZB7VAC6b/1QLsRiAutOt7wJaaqwCBvNsosLEu/fUyKNQNGdvg2PPJFDO5AX7dwxtoA==",
			"dependencies": {
				"@babel/runtime": "^7.3.1",
				"jss": "10.9.0",
				"tiny-warning": "^1.0.2"
			}
		},
		"node_modules/jss-plugin-props-sort": {
			"version": "10.9.0",
			"resolved": "https://registry.npmjs.org/jss-plugin-props-sort/-/jss-plugin-props-sort-10.9.0.tgz",
			"integrity": "sha512-7A76HI8bzwqrsMOJTWKx/uD5v+U8piLnp5bvru7g/3ZEQOu1+PjHvv7bFdNO3DwNPC9oM0a//KwIJsIcDCjDzw==",
			"dependencies": {
				"@babel/runtime": "^7.3.1",
				"jss": "10.9.0"
			}
		},
		"node_modules/jss-plugin-rule-value-function": {
			"version": "10.9.0",
			"resolved": "https://registry.npmjs.org/jss-plugin-rule-value-function/-/jss-plugin-rule-value-function-10.9.0.tgz",
			"integrity": "sha512-IHJv6YrEf8pRzkY207cPmdbBstBaE+z8pazhPShfz0tZSDtRdQua5jjg6NMz3IbTasVx9FdnmptxPqSWL5tyJg==",
			"dependencies": {
				"@babel/runtime": "^7.3.1",
				"jss": "10.9.0",
				"tiny-warning": "^1.0.2"
			}
		},
		"node_modules/jss-plugin-rule-value-observable": {
			"version": "10.9.0",
			"resolved": "https://registry.npmjs.org/jss-plugin-rule-value-observable/-/jss-plugin-rule-value-observable-10.9.0.tgz",
			"integrity": "sha512-/MWVPJVEn41+ofzQdsvH1GR4wusDqFqNnchh/98HVc580MxPy4NVkmUa2SAEpbHhnJ93sCoETZccW3HJKuvH4A==",
			"dependencies": {
				"@babel/runtime": "^7.3.1",
				"jss": "10.9.0",
				"symbol-observable": "^1.2.0"
			}
		},
		"node_modules/jss-plugin-template": {
			"version": "10.9.0",
			"resolved": "https://registry.npmjs.org/jss-plugin-template/-/jss-plugin-template-10.9.0.tgz",
			"integrity": "sha512-lxThUvdt0drCi7xhuJWxADWTgLLy1IWCeFO5k+dtba900xJsNg0IGZplpP9w9UpaJsYS3WUwWMXw8Sxn1dobfQ==",
			"dependencies": {
				"@babel/runtime": "^7.3.1",
				"jss": "10.9.0",
				"tiny-warning": "^1.0.2"
			}
		},
		"node_modules/jss-plugin-vendor-prefixer": {
			"version": "10.9.0",
			"resolved": "https://registry.npmjs.org/jss-plugin-vendor-prefixer/-/jss-plugin-vendor-prefixer-10.9.0.tgz",
			"integrity": "sha512-MbvsaXP7iiVdYVSEoi+blrW+AYnTDvHTW6I6zqi7JcwXdc6I9Kbm234nEblayhF38EftoenbM+5218pidmC5gA==",
			"dependencies": {
				"@babel/runtime": "^7.3.1",
				"css-vendor": "^2.0.8",
				"jss": "10.9.0"
			}
		},
		"node_modules/jss-preset-default": {
			"version": "10.9.0",
			"resolved": "https://registry.npmjs.org/jss-preset-default/-/jss-preset-default-10.9.0.tgz",
			"integrity": "sha512-Zdsj+R+UTn7OOJ1TFQi+l8PfEL7APSAM6vRPaU8mJywT8OrMjgslMKckFLrgq1k+qk1hJR1ePAMesvZ5aAXGOQ==",
			"dependencies": {
				"@babel/runtime": "^7.3.1",
				"jss": "10.9.0",
				"jss-plugin-camel-case": "10.9.0",
				"jss-plugin-compose": "10.9.0",
				"jss-plugin-default-unit": "10.9.0",
				"jss-plugin-expand": "10.9.0",
				"jss-plugin-extend": "10.9.0",
				"jss-plugin-global": "10.9.0",
				"jss-plugin-nested": "10.9.0",
				"jss-plugin-props-sort": "10.9.0",
				"jss-plugin-rule-value-function": "10.9.0",
				"jss-plugin-rule-value-observable": "10.9.0",
				"jss-plugin-template": "10.9.0",
				"jss-plugin-vendor-prefixer": "10.9.0"
			}
		},
		"node_modules/regenerator-runtime": {
			"version": "0.13.9",
			"resolved": "https://registry.npmjs.org/regenerator-runtime/-/regenerator-runtime-0.13.9.tgz",
			"integrity": "sha512-p3VT+cOEgxFsRRA9X4lkI1E+k2/CtnKtU4gcxyaCUreilL/vqI6CdZ3wxVUx3UOUg+gnUOQQcRI7BmSI656MYA=="
		},
		"node_modules/symbol-observable": {
			"version": "1.2.0",
			"resolved": "https://registry.npmjs.org/symbol-observable/-/symbol-observable-1.2.0.tgz",
			"integrity": "sha512-e900nM8RRtGhlV36KGEU9k65K3mPb1WV70OdjfxlG2EAuM1noi/E/BaW/uMhL7bPEssK8QV57vN3esixjUvcXQ==",
			"engines": {
				"node": ">=0.10.0"
			}
		},
		"node_modules/tiny-warning": {
			"version": "1.0.3",
			"resolved": "https://registry.npmjs.org/tiny-warning/-/tiny-warning-1.0.3.tgz",
			"integrity": "sha512-lBN9zLN/oAf68o3zNXYrdCt1kP8WsiGW8Oo2ka41b2IM5JL/S1CTyX1rW0mb/zSuJun0ZUrDxx4sqvYS2FWzPA=="
		},
		"node_modules/tslib": {
			"version": "2.3.1",
			"resolved": "https://registry.npmjs.org/tslib/-/tslib-2.3.1.tgz",
			"integrity": "sha512-77EbyPPpMz+FRFRuAFlWMtmgUWGe9UOG2Z25NqCwiIjRhOf5iKGuzSe5P2w1laq+FkRy4p+PCuVkJSGkzTEKVw==",
			"peer": true
		}
	},
	"dependencies": {
		"@babel/runtime": {
			"version": "7.16.7",
			"resolved": "https://registry.npmjs.org/@babel/runtime/-/runtime-7.16.7.tgz",
			"integrity": "sha512-9E9FJowqAsytyOY6LG+1KuueckRL+aQW+mKvXRXnuFGyRAyepJPmEo9vgMfXUA6O9u3IeEdv9MAkppFcaQwogQ==",
			"requires": {
				"regenerator-runtime": "^0.13.4"
			}
		},
		"@morfeo/core": {
			"version": "0.4.2",
			"resolved": "https://registry.npmjs.org/@morfeo/core/-/core-0.4.2.tgz",
			"integrity": "sha512-JllWhLZ3pEFZFbGpBg8BPKEdpQMmAaHMWTqCcquIp8v5sDndVqLbfUTjijsnhORh3PKSkDuH8FzoFYMcjfeCig==",
			"peer": true,
			"requires": {
				"@morfeo/spec": "^0.4.2"
			}
		},
		"@morfeo/spec": {
			"version": "0.4.2",
			"resolved": "https://registry.npmjs.org/@morfeo/spec/-/spec-0.4.2.tgz",
			"integrity": "sha512-L3GET/LcEJ4OjUYs8uKHoETJuUQzVPZDbepmtk8JJpRUZC/FXheXfgqFkD+rOVFCfVbckeEPd09J0Z84ZVSJ3g==",
			"peer": true
		},
		"css-vendor": {
			"version": "2.0.8",
			"resolved": "https://registry.npmjs.org/css-vendor/-/css-vendor-2.0.8.tgz",
			"integrity": "sha512-x9Aq0XTInxrkuFeHKbYC7zWY8ai7qJ04Kxd9MnvbC1uO5DagxoHQjm4JvG+vCdXOoFtCjbL2XSZfxmoYa9uQVQ==",
			"requires": {
				"@babel/runtime": "^7.8.3",
				"is-in-browser": "^1.0.2"
			}
		},
		"csstype": {
			"version": "3.0.10",
			"resolved": "https://registry.npmjs.org/csstype/-/csstype-3.0.10.tgz",
			"integrity": "sha512-2u44ZG2OcNUO9HDp/Jl8C07x6pU/eTR3ncV91SiK3dhG9TWvRVsCoJw14Ckx5DgWkzGA3waZWO3d7pgqpUI/XA=="
		},
		"hyphenate-style-name": {
			"version": "1.0.4",
			"resolved": "https://registry.npmjs.org/hyphenate-style-name/-/hyphenate-style-name-1.0.4.tgz",
			"integrity": "sha512-ygGZLjmXfPHj+ZWh6LwbC37l43MhfztxetbFCoYTM2VjkIUpeHgSNn7QIyVFj7YQ1Wl9Cbw5sholVJPzWvC2MQ=="
		},
		"is-in-browser": {
			"version": "1.1.3",
			"resolved": "https://registry.npmjs.org/is-in-browser/-/is-in-browser-1.1.3.tgz",
			"integrity": "sha1-Vv9NtoOgeMYILrldrX3GLh0E+DU="
		},
		"jss": {
			"version": "10.9.0",
			"resolved": "https://registry.npmjs.org/jss/-/jss-10.9.0.tgz",
			"integrity": "sha512-YpzpreB6kUunQBbrlArlsMpXYyndt9JATbt95tajx0t4MTJJcCJdd4hdNpHmOIDiUJrF/oX5wtVFrS3uofWfGw==",
			"requires": {
				"@babel/runtime": "^7.3.1",
				"csstype": "^3.0.2",
				"is-in-browser": "^1.1.3",
				"tiny-warning": "^1.0.2"
			}
		},
		"jss-plugin-camel-case": {
			"version": "10.9.0",
			"resolved": "https://registry.npmjs.org/jss-plugin-camel-case/-/jss-plugin-camel-case-10.9.0.tgz",
			"integrity": "sha512-UH6uPpnDk413/r/2Olmw4+y54yEF2lRIV8XIZyuYpgPYTITLlPOsq6XB9qeqv+75SQSg3KLocq5jUBXW8qWWww==",
			"requires": {
				"@babel/runtime": "^7.3.1",
				"hyphenate-style-name": "^1.0.3",
				"jss": "10.9.0"
			}
		},
		"jss-plugin-compose": {
			"version": "10.9.0",
			"resolved": "https://registry.npmjs.org/jss-plugin-compose/-/jss-plugin-compose-10.9.0.tgz",
			"integrity": "sha512-Q/0FEZhDwGUpf3/b7+PspmMi6MVSlN3YlTDmvrft7I6N346jUpd8MYkYP/6qM1ZMuVj4v8ky/XYqr1v2ganLLg==",
			"requires": {
				"@babel/runtime": "^7.3.1",
				"jss": "10.9.0",
				"tiny-warning": "^1.0.2"
			}
		},
		"jss-plugin-default-unit": {
			"version": "10.9.0",
			"resolved": "https://registry.npmjs.org/jss-plugin-default-unit/-/jss-plugin-default-unit-10.9.0.tgz",
			"integrity": "sha512-7Ju4Q9wJ/MZPsxfu4T84mzdn7pLHWeqoGd/D8O3eDNNJ93Xc8PxnLmV8s8ZPNRYkLdxZqKtm1nPQ0BM4JRlq2w==",
			"requires": {
				"@babel/runtime": "^7.3.1",
				"jss": "10.9.0"
			}
		},
		"jss-plugin-expand": {
			"version": "10.9.0",
			"resolved": "https://registry.npmjs.org/jss-plugin-expand/-/jss-plugin-expand-10.9.0.tgz",
			"integrity": "sha512-QfZ9jld0HpF1OiYU7cGWQ4q+f6+Wu93mV4X+cA1iVRssiUbSbygwdfZkUwX23UOhS1WWRJeQlLK1aJC94K8/0A==",
			"requires": {
				"@babel/runtime": "^7.3.1",
				"jss": "10.9.0"
			}
		},
		"jss-plugin-extend": {
			"version": "10.9.0",
			"resolved": "https://registry.npmjs.org/jss-plugin-extend/-/jss-plugin-extend-10.9.0.tgz",
			"integrity": "sha512-xvmosUh3RsKVsm9L14ml6PL3i0Ejj5gB6eo/jTMkGW1kIy42gNXV1EthR8cD5xiowWstnvugQ3JF0pI5+QkPMg==",
			"requires": {
				"@babel/runtime": "^7.3.1",
				"jss": "10.9.0",
				"tiny-warning": "^1.0.2"
			}
		},
		"jss-plugin-global": {
			"version": "10.9.0",
			"resolved": "https://registry.npmjs.org/jss-plugin-global/-/jss-plugin-global-10.9.0.tgz",
			"integrity": "sha512-4G8PHNJ0x6nwAFsEzcuVDiBlyMsj2y3VjmFAx/uHk/R/gzJV+yRHICjT4MKGGu1cJq2hfowFWCyrr/Gg37FbgQ==",
			"requires": {
				"@babel/runtime": "^7.3.1",
				"jss": "10.9.0"
			}
		},
		"jss-plugin-nested": {
			"version": "10.9.0",
			"resolved": "https://registry.npmjs.org/jss-plugin-nested/-/jss-plugin-nested-10.9.0.tgz",
			"integrity": "sha512-2UJnDrfCZpMYcpPYR16oZB7VAC6b/1QLsRiAutOt7wJaaqwCBvNsosLEu/fUyKNQNGdvg2PPJFDO5AX7dwxtoA==",
			"requires": {
				"@babel/runtime": "^7.3.1",
				"jss": "10.9.0",
				"tiny-warning": "^1.0.2"
			}
		},
		"jss-plugin-props-sort": {
			"version": "10.9.0",
			"resolved": "https://registry.npmjs.org/jss-plugin-props-sort/-/jss-plugin-props-sort-10.9.0.tgz",
			"integrity": "sha512-7A76HI8bzwqrsMOJTWKx/uD5v+U8piLnp5bvru7g/3ZEQOu1+PjHvv7bFdNO3DwNPC9oM0a//KwIJsIcDCjDzw==",
			"requires": {
				"@babel/runtime": "^7.3.1",
				"jss": "10.9.0"
			}
		},
		"jss-plugin-rule-value-function": {
			"version": "10.9.0",
			"resolved": "https://registry.npmjs.org/jss-plugin-rule-value-function/-/jss-plugin-rule-value-function-10.9.0.tgz",
			"integrity": "sha512-IHJv6YrEf8pRzkY207cPmdbBstBaE+z8pazhPShfz0tZSDtRdQua5jjg6NMz3IbTasVx9FdnmptxPqSWL5tyJg==",
			"requires": {
				"@babel/runtime": "^7.3.1",
				"jss": "10.9.0",
				"tiny-warning": "^1.0.2"
			}
		},
		"jss-plugin-rule-value-observable": {
			"version": "10.9.0",
			"resolved": "https://registry.npmjs.org/jss-plugin-rule-value-observable/-/jss-plugin-rule-value-observable-10.9.0.tgz",
			"integrity": "sha512-/MWVPJVEn41+ofzQdsvH1GR4wusDqFqNnchh/98HVc580MxPy4NVkmUa2SAEpbHhnJ93sCoETZccW3HJKuvH4A==",
			"requires": {
				"@babel/runtime": "^7.3.1",
				"jss": "10.9.0",
				"symbol-observable": "^1.2.0"
			}
		},
		"jss-plugin-template": {
			"version": "10.9.0",
			"resolved": "https://registry.npmjs.org/jss-plugin-template/-/jss-plugin-template-10.9.0.tgz",
			"integrity": "sha512-lxThUvdt0drCi7xhuJWxADWTgLLy1IWCeFO5k+dtba900xJsNg0IGZplpP9w9UpaJsYS3WUwWMXw8Sxn1dobfQ==",
			"requires": {
				"@babel/runtime": "^7.3.1",
				"jss": "10.9.0",
				"tiny-warning": "^1.0.2"
			}
		},
		"jss-plugin-vendor-prefixer": {
			"version": "10.9.0",
			"resolved": "https://registry.npmjs.org/jss-plugin-vendor-prefixer/-/jss-plugin-vendor-prefixer-10.9.0.tgz",
			"integrity": "sha512-MbvsaXP7iiVdYVSEoi+blrW+AYnTDvHTW6I6zqi7JcwXdc6I9Kbm234nEblayhF38EftoenbM+5218pidmC5gA==",
			"requires": {
				"@babel/runtime": "^7.3.1",
				"css-vendor": "^2.0.8",
				"jss": "10.9.0"
			}
		},
		"jss-preset-default": {
			"version": "10.9.0",
			"resolved": "https://registry.npmjs.org/jss-preset-default/-/jss-preset-default-10.9.0.tgz",
			"integrity": "sha512-Zdsj+R+UTn7OOJ1TFQi+l8PfEL7APSAM6vRPaU8mJywT8OrMjgslMKckFLrgq1k+qk1hJR1ePAMesvZ5aAXGOQ==",
			"requires": {
				"@babel/runtime": "^7.3.1",
				"jss": "10.9.0",
				"jss-plugin-camel-case": "10.9.0",
				"jss-plugin-compose": "10.9.0",
				"jss-plugin-default-unit": "10.9.0",
				"jss-plugin-expand": "10.9.0",
				"jss-plugin-extend": "10.9.0",
				"jss-plugin-global": "10.9.0",
				"jss-plugin-nested": "10.9.0",
				"jss-plugin-props-sort": "10.9.0",
				"jss-plugin-rule-value-function": "10.9.0",
				"jss-plugin-rule-value-observable": "10.9.0",
				"jss-plugin-template": "10.9.0",
				"jss-plugin-vendor-prefixer": "10.9.0"
			}
		},
		"regenerator-runtime": {
			"version": "0.13.9",
			"resolved": "https://registry.npmjs.org/regenerator-runtime/-/regenerator-runtime-0.13.9.tgz",
			"integrity": "sha512-p3VT+cOEgxFsRRA9X4lkI1E+k2/CtnKtU4gcxyaCUreilL/vqI6CdZ3wxVUx3UOUg+gnUOQQcRI7BmSI656MYA=="
		},
		"symbol-observable": {
			"version": "1.2.0",
			"resolved": "https://registry.npmjs.org/symbol-observable/-/symbol-observable-1.2.0.tgz",
			"integrity": "sha512-e900nM8RRtGhlV36KGEU9k65K3mPb1WV70OdjfxlG2EAuM1noi/E/BaW/uMhL7bPEssK8QV57vN3esixjUvcXQ=="
		},
		"tiny-warning": {
			"version": "1.0.3",
			"resolved": "https://registry.npmjs.org/tiny-warning/-/tiny-warning-1.0.3.tgz",
			"integrity": "sha512-lBN9zLN/oAf68o3zNXYrdCt1kP8WsiGW8Oo2ka41b2IM5JL/S1CTyX1rW0mb/zSuJun0ZUrDxx4sqvYS2FWzPA=="
		},
		"tslib": {
			"version": "2.3.1",
			"resolved": "https://registry.npmjs.org/tslib/-/tslib-2.3.1.tgz",
			"integrity": "sha512-77EbyPPpMz+FRFRuAFlWMtmgUWGe9UOG2Z25NqCwiIjRhOf5iKGuzSe5P2w1laq+FkRy4p+PCuVkJSGkzTEKVw==",
			"peer": true
		}
	}
}
