{
	"name": "@morfeo/jss",
	"version": "0.4.2",
	"lockfileVersion": 1,
	"requires": true,
	"dependencies": {
		"@babel/runtime": {
			"version": "7.14.0",
			"resolved": "https://registry.npmjs.org/@babel/runtime/-/runtime-7.14.0.tgz",
			"integrity": "sha512-JELkvo/DlpNdJ7dlyw/eY7E0suy5i5GQH+Vlxaq1nsNJ+H7f4Vtv3jMeCEgRhZZQFXTjldYfQgv2qmM6M1v5wA==",
			"requires": {
				"regenerator-runtime": "^0.13.4"
			}
		},
		"css-vendor": {
			"version": "2.0.8",
			"resolved": "https://registry.npmjs.org/css-vendor/-/css-vendor-2.0.8.tgz",
			"integrity": "sha512-x9Aq0XTInxrkuFeHKbYC7zWY8ai7qJ04Kxd9MnvbC1uO5DagxoHQjm4JvG+vCdXOoFtCjbL2XSZfxmoYa9uQVQ==",
			"requires": {
				"@babel/runtime": "^7.8.3",
				"is-in-browser": "^1.0.2"
			}
		},
		"csstype": {
			"version": "3.0.8",
			"resolved": "https://registry.npmjs.org/csstype/-/csstype-3.0.8.tgz",
			"integrity": "sha512-jXKhWqXPmlUeoQnF/EhTtTl4C9SnrxSH/jZUih3jmO6lBKr99rP3/+FmrMj4EFpOXzMtXHAZkd3x0E6h6Fgflw=="
		},
		"hyphenate-style-name": {
			"version": "1.0.4",
			"resolved": "https://registry.npmjs.org/hyphenate-style-name/-/hyphenate-style-name-1.0.4.tgz",
			"integrity": "sha512-ygGZLjmXfPHj+ZWh6LwbC37l43MhfztxetbFCoYTM2VjkIUpeHgSNn7QIyVFj7YQ1Wl9Cbw5sholVJPzWvC2MQ=="
		},
		"indefinite-observable": {
			"version": "2.0.1",
			"resolved": "https://registry.npmjs.org/indefinite-observable/-/indefinite-observable-2.0.1.tgz",
			"integrity": "sha512-G8vgmork+6H9S8lUAg1gtXEj2JxIQTo0g2PbFiYOdjkziSI0F7UYBiVwhZRuixhBCNGczAls34+5HJPyZysvxQ==",
			"requires": {
				"symbol-observable": "1.2.0"
			}
		},
		"is-in-browser": {
			"version": "1.1.3",
			"resolved": "https://registry.npmjs.org/is-in-browser/-/is-in-browser-1.1.3.tgz",
			"integrity": "sha1-Vv9NtoOgeMYILrldrX3GLh0E+DU="
		},
		"jss": {
			"version": "10.6.0",
			"resolved": "https://registry.npmjs.org/jss/-/jss-10.6.0.tgz",
			"integrity": "sha512-n7SHdCozmxnzYGXBHe0NsO0eUf9TvsHVq2MXvi4JmTn3x5raynodDVE/9VQmBdWFyyj9HpHZ2B4xNZ7MMy7lkw==",
			"requires": {
				"@babel/runtime": "^7.3.1",
				"csstype": "^3.0.2",
				"indefinite-observable": "^2.0.1",
				"is-in-browser": "^1.1.3",
				"tiny-warning": "^1.0.2"
			}
		},
		"jss-plugin-camel-case": {
			"version": "10.6.0",
			"resolved": "https://registry.npmjs.org/jss-plugin-camel-case/-/jss-plugin-camel-case-10.6.0.tgz",
			"integrity": "sha512-JdLpA3aI/npwj3nDMKk308pvnhoSzkW3PXlbgHAzfx0yHWnPPVUjPhXFtLJzgKZge8lsfkUxvYSQ3X2OYIFU6A==",
			"requires": {
				"@babel/runtime": "^7.3.1",
				"hyphenate-style-name": "^1.0.3",
				"jss": "10.6.0"
			}
		},
		"jss-plugin-compose": {
			"version": "10.6.0",
			"resolved": "https://registry.npmjs.org/jss-plugin-compose/-/jss-plugin-compose-10.6.0.tgz",
			"integrity": "sha512-zBhI5ZDVX30h4N+rPunAfbwHVDWlme0JPiLBT0TSg24aX+QhjpogZSKHv9pn23NqIdiz3aIJmrNVnJ5rwNKQKA==",
			"requires": {
				"@babel/runtime": "^7.3.1",
				"jss": "10.6.0",
				"tiny-warning": "^1.0.2"
			}
		},
		"jss-plugin-default-unit": {
			"version": "10.6.0",
			"resolved": "https://registry.npmjs.org/jss-plugin-default-unit/-/jss-plugin-default-unit-10.6.0.tgz",
			"integrity": "sha512-7y4cAScMHAxvslBK2JRK37ES9UT0YfTIXWgzUWD5euvR+JR3q+o8sQKzBw7GmkQRfZijrRJKNTiSt1PBsLI9/w==",
			"requires": {
				"@babel/runtime": "^7.3.1",
				"jss": "10.6.0"
			}
		},
		"jss-plugin-expand": {
			"version": "10.6.0",
			"resolved": "https://registry.npmjs.org/jss-plugin-expand/-/jss-plugin-expand-10.6.0.tgz",
			"integrity": "sha512-TYVfKS3l8kNaClWW3PA9AhFr9ixhBnKcdGwZDRH3WRGDmdX0RYOhpfScscRXQM1HAlqaXLRqiP+NYGCK6QBgOg==",
			"requires": {
				"@babel/runtime": "^7.3.1",
				"jss": "10.6.0"
			}
		},
		"jss-plugin-extend": {
			"version": "10.6.0",
			"resolved": "https://registry.npmjs.org/jss-plugin-extend/-/jss-plugin-extend-10.6.0.tgz",
			"integrity": "sha512-eY/zKMT+aUOdHegTDzTznq8Nwsv0PEb5AyJfo8A1B9jPxzzLTGcFOl9S6JZoYRxMh9TWxA5lOULMIjgKAKzUcQ==",
			"requires": {
				"@babel/runtime": "^7.3.1",
				"jss": "10.6.0",
				"tiny-warning": "^1.0.2"
			}
		},
		"jss-plugin-global": {
			"version": "10.6.0",
			"resolved": "https://registry.npmjs.org/jss-plugin-global/-/jss-plugin-global-10.6.0.tgz",
			"integrity": "sha512-I3w7ji/UXPi3VuWrTCbHG9rVCgB4yoBQLehGDTmsnDfXQb3r1l3WIdcO8JFp9m0YMmyy2CU7UOV6oPI7/Tmu+w==",
			"requires": {
				"@babel/runtime": "^7.3.1",
				"jss": "10.6.0"
			}
		},
		"jss-plugin-nested": {
			"version": "10.6.0",
			"resolved": "https://registry.npmjs.org/jss-plugin-nested/-/jss-plugin-nested-10.6.0.tgz",
			"integrity": "sha512-fOFQWgd98H89E6aJSNkEh2fAXquC9aZcAVjSw4q4RoQ9gU++emg18encR4AT4OOIFl4lQwt5nEyBBRn9V1Rk8g==",
			"requires": {
				"@babel/runtime": "^7.3.1",
				"jss": "10.6.0",
				"tiny-warning": "^1.0.2"
			}
		},
		"jss-plugin-props-sort": {
			"version": "10.6.0",
			"resolved": "https://registry.npmjs.org/jss-plugin-props-sort/-/jss-plugin-props-sort-10.6.0.tgz",
			"integrity": "sha512-oMCe7hgho2FllNc60d9VAfdtMrZPo9n1Iu6RNa+3p9n0Bkvnv/XX5San8fTPujrTBScPqv9mOE0nWVvIaohNuw==",
			"requires": {
				"@babel/runtime": "^7.3.1",
				"jss": "10.6.0"
			}
		},
		"jss-plugin-rule-value-function": {
			"version": "10.6.0",
			"resolved": "https://registry.npmjs.org/jss-plugin-rule-value-function/-/jss-plugin-rule-value-function-10.6.0.tgz",
			"integrity": "sha512-TKFqhRTDHN1QrPTMYRlIQUOC2FFQb271+AbnetURKlGvRl/eWLswcgHQajwuxI464uZk91sPiTtdGi7r7XaWfA==",
			"requires": {
				"@babel/runtime": "^7.3.1",
				"jss": "10.6.0",
				"tiny-warning": "^1.0.2"
			}
		},
		"jss-plugin-rule-value-observable": {
			"version": "10.6.0",
			"resolved": "https://registry.npmjs.org/jss-plugin-rule-value-observable/-/jss-plugin-rule-value-observable-10.6.0.tgz",
			"integrity": "sha512-+N6S8UZ+Tu+G2Fbu/UrfLI/JyaTi/KfkPbKsVRfyg/C/IdI+p9+H67HncMIFYEi/KnNj5fqvMNSDe4ag/lqbHw==",
			"requires": {
				"@babel/runtime": "^7.3.1",
				"jss": "10.6.0",
				"symbol-observable": "^1.2.0"
			}
		},
		"jss-plugin-template": {
			"version": "10.6.0",
			"resolved": "https://registry.npmjs.org/jss-plugin-template/-/jss-plugin-template-10.6.0.tgz",
			"integrity": "sha512-P3iaIR6AqTOoutwP7Y2KVCq4jShEMACrwKf8W9gsS3ppnIeBg4OCAQvLKmqunApkEoIk0711xbW9XPi9CYy3zg==",
			"requires": {
				"@babel/runtime": "^7.3.1",
				"jss": "10.6.0",
				"tiny-warning": "^1.0.2"
			}
		},
		"jss-plugin-vendor-prefixer": {
			"version": "10.6.0",
			"resolved": "https://registry.npmjs.org/jss-plugin-vendor-prefixer/-/jss-plugin-vendor-prefixer-10.6.0.tgz",
			"integrity": "sha512-doJ7MouBXT1lypLLctCwb4nJ6lDYqrTfVS3LtXgox42Xz0gXusXIIDboeh6UwnSmox90QpVnub7au8ybrb0krQ==",
			"requires": {
				"@babel/runtime": "^7.3.1",
				"css-vendor": "^2.0.8",
				"jss": "10.6.0"
			}
		},
		"jss-preset-default": {
			"version": "10.6.0",
			"resolved": "https://registry.npmjs.org/jss-preset-default/-/jss-preset-default-10.6.0.tgz",
			"integrity": "sha512-TuHDZiuxGLLJ/LIMLAzO5uf2PnLOCR6yF5GHQLPp59YTascmwEldJfR0tuqjKa8B2F/v708ZvzE1Dw0Ao7UIcA==",
			"requires": {
				"@babel/runtime": "^7.3.1",
				"jss": "10.6.0",
				"jss-plugin-camel-case": "10.6.0",
				"jss-plugin-compose": "10.6.0",
				"jss-plugin-default-unit": "10.6.0",
				"jss-plugin-expand": "10.6.0",
				"jss-plugin-extend": "10.6.0",
				"jss-plugin-global": "10.6.0",
				"jss-plugin-nested": "10.6.0",
				"jss-plugin-props-sort": "10.6.0",
				"jss-plugin-rule-value-function": "10.6.0",
				"jss-plugin-rule-value-observable": "10.6.0",
				"jss-plugin-template": "10.6.0",
				"jss-plugin-vendor-prefixer": "10.6.0"
			}
		},
		"regenerator-runtime": {
			"version": "0.13.7",
			"resolved": "https://registry.npmjs.org/regenerator-runtime/-/regenerator-runtime-0.13.7.tgz",
			"integrity": "sha512-a54FxoJDIr27pgf7IgeQGxmqUNYrcV338lf/6gH456HZ/PhX+5BcwHXG9ajESmwe6WRO0tAzRUrRmNONWgkrew=="
		},
		"symbol-observable": {
			"version": "1.2.0",
			"resolved": "https://registry.npmjs.org/symbol-observable/-/symbol-observable-1.2.0.tgz",
			"integrity": "sha512-e900nM8RRtGhlV36KGEU9k65K3mPb1WV70OdjfxlG2EAuM1noi/E/BaW/uMhL7bPEssK8QV57vN3esixjUvcXQ=="
		},
		"tiny-warning": {
			"version": "1.0.3",
			"resolved": "https://registry.npmjs.org/tiny-warning/-/tiny-warning-1.0.3.tgz",
			"integrity": "sha512-lBN9zLN/oAf68o3zNXYrdCt1kP8WsiGW8Oo2ka41b2IM5JL/S1CTyX1rW0mb/zSuJun0ZUrDxx4sqvYS2FWzPA=="
		}
	}
}
