# THIS IS AN AUTOGENERATED FILE. DO NOT EDIT THIS FILE DIRECTLY.
# yarn lockfile v1


"@babel/runtime@^7.3.1", "@babel/runtime@^7.8.3":
  version "7.17.0"
  resolved "https://registry.yarnpkg.com/@babel/runtime/-/runtime-7.17.0.tgz#b8d142fc0f7664fb3d9b5833fd40dcbab89276c0"
  integrity sha512-etcO/ohMNaNA2UBdaXBBSX/3aEzFMRrVfaPv8Ptc0k+cWpWW0QFiGZ2XnVqQZI1Cf734LbPGmqBKWESfW4x/dQ==
  dependencies:
    regenerator-runtime "^0.13.4"

css-vendor@^2.0.8:
  version "2.0.8"
  resolved "https://registry.yarnpkg.com/css-vendor/-/css-vendor-2.0.8.tgz#e47f91d3bd3117d49180a3c935e62e3d9f7f449d"
  integrity sha512-x9Aq0XTInxrkuFeHKbYC7zWY8ai7qJ04Kxd9MnvbC1uO5DagxoHQjm4JvG+vCdXOoFtCjbL2XSZfxmoYa9uQVQ==
  dependencies:
    "@babel/runtime" "^7.8.3"
    is-in-browser "^1.0.2"

csstype@^3.0.2:
  version "3.0.10"
  resolved "https://registry.yarnpkg.com/csstype/-/csstype-3.0.10.tgz#2ad3a7bed70f35b965707c092e5f30b327c290e5"
  integrity sha512-2u44ZG2OcNUO9HDp/Jl8C07x6pU/eTR3ncV91SiK3dhG9TWvRVsCoJw14Ckx5DgWkzGA3waZWO3d7pgqpUI/XA==

hyphenate-style-name@^1.0.3:
  version "1.0.4"
  resolved "https://registry.yarnpkg.com/hyphenate-style-name/-/hyphenate-style-name-1.0.4.tgz#691879af8e220aea5750e8827db4ef62a54e361d"
  integrity sha512-ygGZLjmXfPHj+ZWh6LwbC37l43MhfztxetbFCoYTM2VjkIUpeHgSNn7QIyVFj7YQ1Wl9Cbw5sholVJPzWvC2MQ==

is-in-browser@^1.0.2, is-in-browser@^1.1.3:
  version "1.1.3"
  resolved "https://registry.yarnpkg.com/is-in-browser/-/is-in-browser-1.1.3.tgz#56ff4db683a078c6082eb95dad7dc62e1d04f835"
  integrity sha1-Vv9NtoOgeMYILrldrX3GLh0E+DU=

jss-plugin-camel-case@10.9.0:
  version "10.9.0"
  resolved "https://registry.yarnpkg.com/jss-plugin-camel-case/-/jss-plugin-camel-case-10.9.0.tgz#4921b568b38d893f39736ee8c4c5f1c64670aaf7"
  integrity sha512-UH6uPpnDk413/r/2Olmw4+y54yEF2lRIV8XIZyuYpgPYTITLlPOsq6XB9qeqv+75SQSg3KLocq5jUBXW8qWWww==
  dependencies:
    "@babel/runtime" "^7.3.1"
    hyphenate-style-name "^1.0.3"
    jss "10.9.0"

jss-plugin-compose@10.9.0:
  version "10.9.0"
  resolved "https://registry.yarnpkg.com/jss-plugin-compose/-/jss-plugin-compose-10.9.0.tgz#4954583227db9b49bd2e29cd055dcc65b12cb19d"
  integrity sha512-Q/0FEZhDwGUpf3/b7+PspmMi6MVSlN3YlTDmvrft7I6N346jUpd8MYkYP/6qM1ZMuVj4v8ky/XYqr1v2ganLLg==
  dependencies:
    "@babel/runtime" "^7.3.1"
    jss "10.9.0"
    tiny-warning "^1.0.2"

jss-plugin-default-unit@10.9.0:
  version "10.9.0"
  resolved "https://registry.yarnpkg.com/jss-plugin-default-unit/-/jss-plugin-default-unit-10.9.0.tgz#bb23a48f075bc0ce852b4b4d3f7582bc002df991"
  integrity sha512-7Ju4Q9wJ/MZPsxfu4T84mzdn7pLHWeqoGd/D8O3eDNNJ93Xc8PxnLmV8s8ZPNRYkLdxZqKtm1nPQ0BM4JRlq2w==
  dependencies:
    "@babel/runtime" "^7.3.1"
    jss "10.9.0"

jss-plugin-expand@10.9.0:
  version "10.9.0"
  resolved "https://registry.yarnpkg.com/jss-plugin-expand/-/jss-plugin-expand-10.9.0.tgz#96c902f5759fe189184f8418997659d61e927ffe"
  integrity sha512-QfZ9jld0HpF1OiYU7cGWQ4q+f6+Wu93mV4X+cA1iVRssiUbSbygwdfZkUwX23UOhS1WWRJeQlLK1aJC94K8/0A==
  dependencies:
    "@babel/runtime" "^7.3.1"
    jss "10.9.0"

jss-plugin-extend@10.9.0:
  version "10.9.0"
  resolved "https://registry.yarnpkg.com/jss-plugin-extend/-/jss-plugin-extend-10.9.0.tgz#b1163ceb25d908888b326e5b5fa780aaaed4884d"
  integrity sha512-xvmosUh3RsKVsm9L14ml6PL3i0Ejj5gB6eo/jTMkGW1kIy42gNXV1EthR8cD5xiowWstnvugQ3JF0pI5+QkPMg==
  dependencies:
    "@babel/runtime" "^7.3.1"
    jss "10.9.0"
    tiny-warning "^1.0.2"

jss-plugin-global@10.9.0:
  version "10.9.0"
  resolved "https://registry.yarnpkg.com/jss-plugin-global/-/jss-plugin-global-10.9.0.tgz#fc07a0086ac97aca174e37edb480b69277f3931f"
  integrity sha512-4G8PHNJ0x6nwAFsEzcuVDiBlyMsj2y3VjmFAx/uHk/R/gzJV+yRHICjT4MKGGu1cJq2hfowFWCyrr/Gg37FbgQ==
  dependencies:
    "@babel/runtime" "^7.3.1"
    jss "10.9.0"

jss-plugin-nested@10.9.0:
  version "10.9.0"
  resolved "https://registry.yarnpkg.com/jss-plugin-nested/-/jss-plugin-nested-10.9.0.tgz#cc1c7d63ad542c3ccc6e2c66c8328c6b6b00f4b3"
  integrity sha512-2UJnDrfCZpMYcpPYR16oZB7VAC6b/1QLsRiAutOt7wJaaqwCBvNsosLEu/fUyKNQNGdvg2PPJFDO5AX7dwxtoA==
  dependencies:
    "@babel/runtime" "^7.3.1"
    jss "10.9.0"
    tiny-warning "^1.0.2"

jss-plugin-props-sort@10.9.0:
  version "10.9.0"
  resolved "https://registry.yarnpkg.com/jss-plugin-props-sort/-/jss-plugin-props-sort-10.9.0.tgz#30e9567ef9479043feb6e5e59db09b4de687c47d"
  integrity sha512-7A76HI8bzwqrsMOJTWKx/uD5v+U8piLnp5bvru7g/3ZEQOu1+PjHvv7bFdNO3DwNPC9oM0a//KwIJsIcDCjDzw==
  dependencies:
    "@babel/runtime" "^7.3.1"
    jss "10.9.0"

jss-plugin-rule-value-function@10.9.0:
  version "10.9.0"
  resolved "https://registry.yarnpkg.com/jss-plugin-rule-value-function/-/jss-plugin-rule-value-function-10.9.0.tgz#379fd2732c0746fe45168011fe25544c1a295d67"
  integrity sha512-IHJv6YrEf8pRzkY207cPmdbBstBaE+z8pazhPShfz0tZSDtRdQua5jjg6NMz3IbTasVx9FdnmptxPqSWL5tyJg==
  dependencies:
    "@babel/runtime" "^7.3.1"
    jss "10.9.0"
    tiny-warning "^1.0.2"

jss-plugin-rule-value-observable@10.9.0:
  version "10.9.0"
  resolved "https://registry.yarnpkg.com/jss-plugin-rule-value-observable/-/jss-plugin-rule-value-observable-10.9.0.tgz#fc48b70f6915a913618fdadb44dedce23982b32d"
  integrity sha512-/MWVPJVEn41+ofzQdsvH1GR4wusDqFqNnchh/98HVc580MxPy4NVkmUa2SAEpbHhnJ93sCoETZccW3HJKuvH4A==
  dependencies:
    "@babel/runtime" "^7.3.1"
    jss "10.9.0"
    symbol-observable "^1.2.0"

jss-plugin-template@10.9.0:
  version "10.9.0"
  resolved "https://registry.yarnpkg.com/jss-plugin-template/-/jss-plugin-template-10.9.0.tgz#27547e093e04b9dc9e900f35146e874bb196f575"
  integrity sha512-lxThUvdt0drCi7xhuJWxADWTgLLy1IWCeFO5k+dtba900xJsNg0IGZplpP9w9UpaJsYS3WUwWMXw8Sxn1dobfQ==
  dependencies:
    "@babel/runtime" "^7.3.1"
    jss "10.9.0"
    tiny-warning "^1.0.2"

jss-plugin-vendor-prefixer@10.9.0:
  version "10.9.0"
  resolved "https://registry.yarnpkg.com/jss-plugin-vendor-prefixer/-/jss-plugin-vendor-prefixer-10.9.0.tgz#aa9df98abfb3f75f7ed59a3ec50a5452461a206a"
  integrity sha512-MbvsaXP7iiVdYVSEoi+blrW+AYnTDvHTW6I6zqi7JcwXdc6I9Kbm234nEblayhF38EftoenbM+5218pidmC5gA==
  dependencies:
    "@babel/runtime" "^7.3.1"
    css-vendor "^2.0.8"
    jss "10.9.0"

jss-preset-default@^10.6.0:
  version "10.9.0"
  resolved "https://registry.yarnpkg.com/jss-preset-default/-/jss-preset-default-10.9.0.tgz#20919ee04e543b3502086001c4179ab15c012153"
  integrity sha512-Zdsj+R+UTn7OOJ1TFQi+l8PfEL7APSAM6vRPaU8mJywT8OrMjgslMKckFLrgq1k+qk1hJR1ePAMesvZ5aAXGOQ==
  dependencies:
    "@babel/runtime" "^7.3.1"
    jss "10.9.0"
    jss-plugin-camel-case "10.9.0"
    jss-plugin-compose "10.9.0"
    jss-plugin-default-unit "10.9.0"
    jss-plugin-expand "10.9.0"
    jss-plugin-extend "10.9.0"
    jss-plugin-global "10.9.0"
    jss-plugin-nested "10.9.0"
    jss-plugin-props-sort "10.9.0"
    jss-plugin-rule-value-function "10.9.0"
    jss-plugin-rule-value-observable "10.9.0"
    jss-plugin-template "10.9.0"
    jss-plugin-vendor-prefixer "10.9.0"

jss@10.9.0, jss@^10.6.0:
  version "10.9.0"
  resolved "https://registry.yarnpkg.com/jss/-/jss-10.9.0.tgz#7583ee2cdc904a83c872ba695d1baab4b59c141b"
  integrity sha512-YpzpreB6kUunQBbrlArlsMpXYyndt9JATbt95tajx0t4MTJJcCJdd4hdNpHmOIDiUJrF/oX5wtVFrS3uofWfGw==
  dependencies:
    "@babel/runtime" "^7.3.1"
    csstype "^3.0.2"
    is-in-browser "^1.1.3"
    tiny-warning "^1.0.2"

regenerator-runtime@^0.13.4:
  version "0.13.9"
  resolved "https://registry.yarnpkg.com/regenerator-runtime/-/regenerator-runtime-0.13.9.tgz#8925742a98ffd90814988d7566ad30ca3b263b52"
  integrity sha512-p3VT+cOEgxFsRRA9X4lkI1E+k2/CtnKtU4gcxyaCUreilL/vqI6CdZ3wxVUx3UOUg+gnUOQQcRI7BmSI656MYA==

symbol-observable@^1.2.0:
  version "1.2.0"
  resolved "https://registry.yarnpkg.com/symbol-observable/-/symbol-observable-1.2.0.tgz#c22688aed4eab3cdc2dfeacbb561660560a00804"
  integrity sha512-e900nM8RRtGhlV36KGEU9k65K3mPb1WV70OdjfxlG2EAuM1noi/E/BaW/uMhL7bPEssK8QV57vN3esixjUvcXQ==

tiny-warning@^1.0.2:
  version "1.0.3"
  resolved "https://registry.yarnpkg.com/tiny-warning/-/tiny-warning-1.0.3.tgz#94a30db453df4c643d0fd566060d60a875d84754"
  integrity sha512-lBN9zLN/oAf68o3zNXYrdCt1kP8WsiGW8Oo2ka41b2IM5JL/S1CTyX1rW0mb/zSuJun0ZUrDxx4sqvYS2FWzPA==
